
Microsoft Visual Studio Solution File, Format Version 12.00
# Visual Studio Version 17
VisualStudioVersion = 17.8.34330.188
MinimumVisualStudioVersion = 10.0.40219.1
Project("{9A19103F-16F7-4668-BE54-9A1E7A4F7556}") = "QuickLearn", "QuickLearn\QuickLearn.csproj", "{948BB9EF-3C89-4A44-A8A5-EFFA46F93590}"
EndProject
Project("{9A19103F-16F7-4668-BE54-9A1E7A4F7556}") = "TypeConversion", "TypeConversion\TypeConversion.csproj", "{BDC08851-4DDC-442B-B273-F4A8C9FDDF31}"
EndProject
Project("{FAE04EC0-301F-11D3-BF4B-00C04F79EFBC}") = "Classes", "Classes\Classes.csproj", "{AA621024-CC52-4057-A139-DD00F5658D0C}"
EndProject
Project("{FAE04EC0-301F-11D3-BF4B-00C04F79EFBC}") = "Arrays", "Arrays\Arrays.csproj", "{20F79AF8-390A-41B9-96DC-D93E217F27C6}"
EndProject
Project("{FAE04EC0-301F-11D3-BF4B-00C04F79EFBC}") = "Strings", "Strings\Strings.csproj", "{B0508B33-2F0F-46A0-A573-E1ECC8ADE458}"
EndProject
Global
	GlobalSection(SolutionConfigurationPlatforms) = preSolution
		Debug|Any CPU = Debug|Any CPU
		Release|Any CPU = Release|Any CPU
	EndGlobalSection
	GlobalSection(ProjectConfigurationPlatforms) = postSolution
		{948BB9EF-3C89-4A44-A8A5-EFFA46F93590}.Debug|Any CPU.ActiveCfg = Debug|Any CPU
		{948BB9EF-3C89-4A44-A8A5-EFFA46F93590}.Debug|Any CPU.Build.0 = Debug|Any CPU
		{948BB9EF-3C89-4A44-A8A5-EFFA46F93590}.Release|Any CPU.ActiveCfg = Release|Any CPU
		{948BB9EF-3C89-4A44-A8A5-EFFA46F93590}.Release|Any CPU.Build.0 = Release|Any CPU
		{BDC08851-4DDC-442B-B273-F4A8C9FDDF31}.Debug|Any CPU.ActiveCfg = Debug|Any CPU
		{BDC08851-4DDC-442B-B273-F4A8C9FDDF31}.Debug|Any CPU.Build.0 = Debug|Any CPU
		{BDC08851-4DDC-442B-B273-F4A8C9FDDF31}.Release|Any CPU.ActiveCfg = Release|Any CPU
		{BDC08851-4DDC-442B-B273-F4A8C9FDDF31}.Release|Any CPU.Build.0 = Release|Any CPU
		{AA621024-CC52-4057-A139-DD00F5658D0C}.Debug|Any CPU.ActiveCfg = Debug|Any CPU
		{AA621024-CC52-4057-A139-DD00F5658D0C}.Debug|Any CPU.Build.0 = Debug|Any CPU
		{AA621024-CC52-4057-A139-DD00F5658D0C}.Release|Any CPU.ActiveCfg = Release|Any CPU
		{AA621024-CC52-4057-A139-DD00F5658D0C}.Release|Any CPU.Build.0 = Release|Any CPU
		{20F79AF8-390A-41B9-96DC-D93E217F27C6}.Debug|Any CPU.ActiveCfg = Debug|Any CPU
		{20F79AF8-390A-41B9-96DC-D93E217F27C6}.Debug|Any CPU.Build.0 = Debug|Any CPU
		{20F79AF8-390A-41B9-96DC-D93E217F27C6}.Release|Any CPU.ActiveCfg = Release|Any CPU
		{20F79AF8-390A-41B9-96DC-D93E217F27C6}.Release|Any CPU.Build.0 = Release|Any CPU
		{B0508B33-2F0F-46A0-A573-E1ECC8ADE458}.Debug|Any CPU.ActiveCfg = Debug|Any CPU
		{B0508B33-2F0F-46A0-A573-E1ECC8ADE458}.Debug|Any CPU.Build.0 = Debug|Any CPU
		{B0508B33-2F0F-46A0-A573-E1ECC8ADE458}.Release|Any CPU.ActiveCfg = Release|Any CPU
		{B0508B33-2F0F-46A0-A573-E1ECC8ADE458}.Release|Any CPU.Build.0 = Release|Any CPU
	EndGlobalSection
	GlobalSection(SolutionProperties) = preSolution
		HideSolutionNode = FALSE
	EndGlobalSection
	GlobalSection(ExtensibilityGlobals) = postSolution
		SolutionGuid = {ABE70E92-ECCF-47C2-AE67-8C634885599E}
	EndGlobalSection
EndGlobal
